Microsoft Visual Studio Solution File, Format Version 11.00
# Visual Studio 2008

Project("{F83FF2FF-C3FD-314F-B283-7A755CD90F03}") = "TimeScaledUnityProj", "Assembly-CSharp.csproj", "{178F0F59-65E2-5855-2734-FF0B13240895}"
EndProject
Global
	GlobalSection(SolutionConfigurationPlatforms) = preSolution
		Debug|Any CPU = Debug|Any CPU
		Release|Any CPU = Release|Any CPU
	EndGlobalSection
	GlobalSection(ProjectConfigurationPlatforms) = postSolution
		{178F0F59-65E2-5855-2734-FF0B13240895}.Debug|Any CPU.ActiveCfg = Debug|Any CPU
		{178F0F59-65E2-5855-2734-FF0B13240895}.Debug|Any CPU.Build.0 = Debug|Any CPU
		{178F0F59-65E2-5855-2734-FF0B13240895}.Release|Any CPU.ActiveCfg = Release|Any CPU
		{178F0F59-65E2-5855-2734-FF0B13240895}.Release|Any CPU.Build.0 = Release|Any CPU
	EndGlobalSection
	GlobalSection(SolutionProperties) = preSolution
		HideSolutionNode = FALSE
	EndGlobalSection
																																																																											GlobalSection(MonoDevelopProperties) = preSolution
																																																																												GlobalSection(MonoDevelopProperties) = preSolution
																																																																						GlobalSection(MonoDevelopProperties) = preSolution
																																																																								GlobalSection(MonoDevelopProperties) = preSolution
																																																									GlobalSection(MonoDevelopProperties) = preSolution
																																																															GlobalSection(MonoDevelopProperties) = preSolution
																																										GlobalSection(MonoDevelopProperties) = preSolution
																											GlobalSection(MonoDevelopProperties) = preSolution
												GlobalSection(MonoDevelopProperties) = preSolution
																								GlobalSection(MonoDevelopProperties) = preSolution
		StartupItem = Assembly-CSharp.csproj
		Policies = $0
		$0.TextStylePolicy = $1
		$1.inheritsSet = null
		$1.scope = text/x-csharp
		$0.CSharpFormattingPolicy = $2
		$2.inheritsSet = Mono
		$2.inheritsScope = text/x-csharp
		$2.scope = text/x-csharp
		$0.TextStylePolicy = $3
		$3.FileWidth = 120
		$3.TabWidth = 4
		$3.EolMarker = Unix
		$3.inheritsSet = Mono
		$3.inheritsScope = text/plain
		$3.scope = text/plain
	EndGlobalSection

EndGlobal
